lockfileVersion: 5.4

importers:

  .:
    specifiers:
      prettier: ^2.8.1
    devDependencies:
      prettier: 2.8.1

  packages/router:
    specifiers:
      '@effect/io': ^0.0.35
      '@fp-ts/data': ^0.0.26
      typescript: https://cdn.jsdelivr.net/npm/@tsplus/installer/compiler/typescript.tgz
    devDependencies:
      '@effect/io': 0.0.35
      '@fp-ts/data': 0.0.26
      typescript: '@cdn.jsdelivr.net/npm/@tsplus/installer/compiler/typescript.tgz'

packages:

  /@effect/io/0.0.35:
    resolution: {integrity: sha512-/T71V3nnsSEUHkfjCzZcJ0IEgSBV6gJI2Miqje7OL3vZErVdXbCGRJzOEq34uvnF/7oX71kuSsBc0BDElUgiUg==}
    dependencies:
      '@fp-ts/core': 0.0.9
      '@fp-ts/data': 0.0.26
    dev: true

  /@fp-ts/core/0.0.9:
    resolution: {integrity: sha512-FuXKPHTEvvgxV3LulGJXkSpAghovh7wLxux+Pm9LKefC0gtZZQ4OajTjTK5RsQtpyKIsAn26PwdG6W6zksF/UA==}
    dev: true

  /@fp-ts/data/0.0.26:
    resolution: {integrity: sha512-b8UyUEQtEsJj71sRrR7xtIJ2Lnppc27KgKWtoJ45gnOBUvpsnx2jkxcX0xT+ROMq0cIY6sBiSGS7sL34M4bjUA==}
    dependencies:
      '@fp-ts/core': 0.0.9
    dev: true

  /prettier/2.8.1:
    resolution: {integrity: sha512-lqGoSJBQNJidqCHE80vqZJHWHRFoNYsSpP9AjFhlhi9ODCJA541svILes/+/1GM3VaL/abZi7cpFzOpdR9UPKg==}
    engines: {node: '>=10.13.0'}
    hasBin: true
    dev: true

  '@cdn.jsdelivr.net/npm/@tsplus/installer/compiler/typescript.tgz':
    resolution: {tarball: https://cdn.jsdelivr.net/npm/@tsplus/installer/compiler/typescript.tgz}
    name: typescript
    version: 5.0.0-tsplus.20221127
    engines: {node: '>=4.2.0'}
    hasBin: true
    dev: true
