lockfileVersion: 5.4

importers:

  .:
    specifiers:
      prettier: ^2.8.1
    devDependencies:
      prettier: 2.8.1

  packages/router:
    specifiers:
      '@effect/io': ^0.0.38
      '@fp-ts/data': ^0.0.26
      '@tsplus/runtime': ^0.1.10
      '@tsplus/stdlib': ^0.2.8
      '@types/node': ^18.11.13
      typescript: https://cdn.jsdelivr.net/npm/@tsplus/installer/compiler/typescript.tgz
    dependencies:
      '@fp-ts/data': 0.0.26
      '@tsplus/runtime': 0.1.10
      '@tsplus/stdlib': 0.2.8
    devDependencies:
      '@effect/io': 0.0.38
      '@types/node': 18.11.13
      typescript: '@cdn.jsdelivr.net/npm/@tsplus/installer/compiler/typescript.tgz'
    publishDirectory: dist

packages:

  /@effect/io/0.0.38:
    resolution: {integrity: sha512-LXCSuNCldsFYEAIHAC/urgplG8uqcv1TNsw2N/4je+WG3+kIoE2e20K43DZdkeLxaHLjNRn7/fhkRGnHolpkJg==}
    dependencies:
      '@fp-ts/core': 0.0.9
      '@fp-ts/data': 0.0.26
    dev: true

  /@fp-ts/core/0.0.9:
    resolution: {integrity: sha512-FuXKPHTEvvgxV3LulGJXkSpAghovh7wLxux+Pm9LKefC0gtZZQ4OajTjTK5RsQtpyKIsAn26PwdG6W6zksF/UA==}

  /@fp-ts/data/0.0.26:
    resolution: {integrity: sha512-b8UyUEQtEsJj71sRrR7xtIJ2Lnppc27KgKWtoJ45gnOBUvpsnx2jkxcX0xT+ROMq0cIY6sBiSGS7sL34M4bjUA==}
    dependencies:
      '@fp-ts/core': 0.0.9

  /@tsplus/runtime/0.1.10:
    resolution: {integrity: sha512-4D1w2WYL7w+wBcbfIhqCOtmIhU3Jyc/FbxR9imQLcTqw05sr9GKTWkXkv5Q77MHFv5MkAP5bdSkKhgsHhGhiWw==}
    dependencies:
      '@tsplus/stdlib': 0.2.8
    dev: false

  /@tsplus/stdlib/0.2.8:
    resolution: {integrity: sha512-UKAN06h9V/wUflSbOU1WwACisXEi4+PHwGqR+bwxqcClrEAA8KKTTLZ0ATMbqbVAVTudE0vW4pd5iY6vGvSFBw==}
    dev: false

  /@types/node/18.11.13:
    resolution: {integrity: sha512-IASpMGVcWpUsx5xBOrxMj7Bl8lqfuTY7FKAnPmu5cHkfQVWF8GulWS1jbRqA934qZL35xh5xN/+Xe/i26Bod4w==}
    dev: true

  /prettier/2.8.1:
    resolution: {integrity: sha512-lqGoSJBQNJidqCHE80vqZJHWHRFoNYsSpP9AjFhlhi9ODCJA541svILes/+/1GM3VaL/abZi7cpFzOpdR9UPKg==}
    engines: {node: '>=10.13.0'}
    hasBin: true
    dev: true

  '@cdn.jsdelivr.net/npm/@tsplus/installer/compiler/typescript.tgz':
    resolution: {tarball: https://cdn.jsdelivr.net/npm/@tsplus/installer/compiler/typescript.tgz}
    name: typescript
    version: 5.0.0-tsplus.20221127
    engines: {node: '>=4.2.0'}
    hasBin: true
    dev: true
